# This file is automatically @generated by Cargo.
# It is not intended for manual editing.
version = 4

[[package]]
name = "widget"
version = "0.1.0"
dependencies = [
 "winsafe",
]

[[package]]
name = "winsafe"
version = "0.0.26"
source = "registry+https://github.com/rust-lang/crates.io-index"
checksum = "5c46f2d48eb39642e0f57a74637e041c69af704c6a8afaab03558201f64d8870"
